
Microsoft Visual Studio Solution File, Format Version 12.00
# Visual Studio Version 17
VisualStudioVersion = 17.8.34316.72
MinimumVisualStudioVersion = 10.0.40219.1
Project("{9A19103F-16F7-4668-BE54-9A1E7A4F7556}") = "Abp.DistributedEventBus", "Abp.DistributedEventBus\Abp.DistributedEventBus.csproj", "{7514EDE2-734D-4696-ADC8-8BA5655D0C90}"
EndProject
Project("{9A19103F-16F7-4668-BE54-9A1E7A4F7556}") = "Abp.DistributedEventBus.Kafka", "Abp.DistributedEventBus.Kafka\Abp.DistributedEventBus.Kafka.csproj", "{B872D536-BA41-49B5-B630-491003002DBA}"
EndProject
Project("{9A19103F-16F7-4668-BE54-9A1E7A4F7556}") = "Abp.DistributedEventBus.RabbitMQ", "Abp.DistributedEventBus.RabbitMQ\Abp.DistributedEventBus.RabbitMQ.csproj", "{B72686CA-E4BE-43D5-B5F0-244B2A0DDCF3}"
EndProject
Project("{9A19103F-16F7-4668-BE54-9A1E7A4F7556}") = "Abp.DistributedEventBus.Redis", "Abp.DistributedEventBus.Redis\Abp.DistributedEventBus.Redis.csproj", "{7300CE53-39DA-41D4-B9CD-D0FC041B8C7C}"
EndProject
Project("{2150E333-8FDC-42A3-9474-1A3956D46DE8}") = "Samples", "Samples", "{C21295A5-0AD4-4919-9B04-3579BF581C46}"
EndProject
Project("{9A19103F-16F7-4668-BE54-9A1E7A4F7556}") = "Consumer", "..\samples\Consumer\Consumer.csproj", "{CB79997C-2F40-4CA5-9C6D-A8CF0AE32112}"
EndProject
Project("{9A19103F-16F7-4668-BE54-9A1E7A4F7556}") = "Producer", "..\samples\Producer\Producer.csproj", "{7D3370B8-BD82-4895-ADEF-219ACD13DB7C}"
EndProject
Project("{9A19103F-16F7-4668-BE54-9A1E7A4F7556}") = "Share", "..\samples\Share\Share.csproj", "{942445A0-B03B-40FA-B162-B782700C9CAF}"
EndProject
Global
	GlobalSection(SolutionConfigurationPlatforms) = preSolution
		Debug|Any CPU = Debug|Any CPU
		Release|Any CPU = Release|Any CPU
	EndGlobalSection
	GlobalSection(ProjectConfigurationPlatforms) = postSolution
		{7514EDE2-734D-4696-ADC8-8BA5655D0C90}.Debug|Any CPU.ActiveCfg = Debug|Any CPU
		{7514EDE2-734D-4696-ADC8-8BA5655D0C90}.Debug|Any CPU.Build.0 = Debug|Any CPU
		{7514EDE2-734D-4696-ADC8-8BA5655D0C90}.Release|Any CPU.ActiveCfg = Release|Any CPU
		{7514EDE2-734D-4696-ADC8-8BA5655D0C90}.Release|Any CPU.Build.0 = Release|Any CPU
		{B872D536-BA41-49B5-B630-491003002DBA}.Debug|Any CPU.ActiveCfg = Debug|Any CPU
		{B872D536-BA41-49B5-B630-491003002DBA}.Debug|Any CPU.Build.0 = Debug|Any CPU
		{B872D536-BA41-49B5-B630-491003002DBA}.Release|Any CPU.ActiveCfg = Release|Any CPU
		{B872D536-BA41-49B5-B630-491003002DBA}.Release|Any CPU.Build.0 = Release|Any CPU
		{B72686CA-E4BE-43D5-B5F0-244B2A0DDCF3}.Debug|Any CPU.ActiveCfg = Debug|Any CPU
		{B72686CA-E4BE-43D5-B5F0-244B2A0DDCF3}.Debug|Any CPU.Build.0 = Debug|Any CPU
		{B72686CA-E4BE-43D5-B5F0-244B2A0DDCF3}.Release|Any CPU.ActiveCfg = Release|Any CPU
		{B72686CA-E4BE-43D5-B5F0-244B2A0DDCF3}.Release|Any CPU.Build.0 = Release|Any CPU
		{7300CE53-39DA-41D4-B9CD-D0FC041B8C7C}.Debug|Any CPU.ActiveCfg = Debug|Any CPU
		{7300CE53-39DA-41D4-B9CD-D0FC041B8C7C}.Debug|Any CPU.Build.0 = Debug|Any CPU
		{7300CE53-39DA-41D4-B9CD-D0FC041B8C7C}.Release|Any CPU.ActiveCfg = Release|Any CPU
		{7300CE53-39DA-41D4-B9CD-D0FC041B8C7C}.Release|Any CPU.Build.0 = Release|Any CPU
		{CB79997C-2F40-4CA5-9C6D-A8CF0AE32112}.Debug|Any CPU.ActiveCfg = Debug|Any CPU
		{CB79997C-2F40-4CA5-9C6D-A8CF0AE32112}.Debug|Any CPU.Build.0 = Debug|Any CPU
		{CB79997C-2F40-4CA5-9C6D-A8CF0AE32112}.Release|Any CPU.ActiveCfg = Release|Any CPU
		{CB79997C-2F40-4CA5-9C6D-A8CF0AE32112}.Release|Any CPU.Build.0 = Release|Any CPU
		{7D3370B8-BD82-4895-ADEF-219ACD13DB7C}.Debug|Any CPU.ActiveCfg = Debug|Any CPU
		{7D3370B8-BD82-4895-ADEF-219ACD13DB7C}.Debug|Any CPU.Build.0 = Debug|Any CPU
		{7D3370B8-BD82-4895-ADEF-219ACD13DB7C}.Release|Any CPU.ActiveCfg = Release|Any CPU
		{7D3370B8-BD82-4895-ADEF-219ACD13DB7C}.Release|Any CPU.Build.0 = Release|Any CPU
		{942445A0-B03B-40FA-B162-B782700C9CAF}.Debug|Any CPU.ActiveCfg = Debug|Any CPU
		{942445A0-B03B-40FA-B162-B782700C9CAF}.Debug|Any CPU.Build.0 = Debug|Any CPU
		{942445A0-B03B-40FA-B162-B782700C9CAF}.Release|Any CPU.ActiveCfg = Release|Any CPU
		{942445A0-B03B-40FA-B162-B782700C9CAF}.Release|Any CPU.Build.0 = Release|Any CPU
	EndGlobalSection
	GlobalSection(SolutionProperties) = preSolution
		HideSolutionNode = FALSE
	EndGlobalSection
	GlobalSection(NestedProjects) = preSolution
		{CB79997C-2F40-4CA5-9C6D-A8CF0AE32112} = {C21295A5-0AD4-4919-9B04-3579BF581C46}
		{7D3370B8-BD82-4895-ADEF-219ACD13DB7C} = {C21295A5-0AD4-4919-9B04-3579BF581C46}
		{942445A0-B03B-40FA-B162-B782700C9CAF} = {C21295A5-0AD4-4919-9B04-3579BF581C46}
	EndGlobalSection
	GlobalSection(ExtensibilityGlobals) = postSolution
		SolutionGuid = {757A3634-7D2B-4C83-937B-33FBA9C978B6}
	EndGlobalSection
EndGlobal
